{
  "name": "tea-oss-one",
  "version": "1.1.0",
  "lockfileVersion": 3,
  "requires": true,
  "packages": {
    "": {
      "name": "tea-oss-one",
      "version": "1.1.0",
      "license": "MIT",
      "dependencies": {
        "lodash": "^4.17.21",
        "tea-oss-two": "^1.0.1"
      }
    },
    "node_modules/lodash": {
      "version": "4.17.21",
      "resolved": "https://registry.npmjs.org/lodash/-/lodash-4.17.21.tgz",
      "integrity": "sha512-v2kDEe57lecTulaDIuNTPy3Ry4gLGJ6Z1O3vE1krgXZNrsQ+LFTGHVxVjcXPs17LhbZVGedAJv8XZ1tvj5FvSg=="
    },
    "node_modules/tea-oss-two": {
      "version": "1.0.1",
      "resolved": "https://registry.npmjs.org/tea-oss-two/-/tea-oss-two-1.0.1.tgz",
      "integrity": "sha512-q7AMAm5XCKeQ6EJjxe2YQ8R09omiVJZTLQ2rPJfk4uczhzFxWpS9z9N0n2fZ2mcovir9fu4trHtjTL6Mo1kNQw==",
      "dependencies": {
        "lodash": "^4.17.21"
      }
    }
  }
}
